
Microsoft Visual Studio Solution File, Format Version 12.00
# Visual Studio Version 16
VisualStudioVersion = 16.0.30104.148
MinimumVisualStudioVersion = 10.0.40219.1
Project("{9A19103F-16F7-4668-BE54-9A1E7A4F7556}") = "TaxshilaMobile", "TaxshilaMobile\TaxshilaMobile.csproj", "{31D63510-AC13-437F-A72E-D3DE19612A8F}"
EndProject
Project("{FAE04EC0-301F-11D3-BF4B-00C04F79EFBC}") = "TaxshilaMobile.Android", "TaxshilaMobile.Android\TaxshilaMobile.Android.csproj", "{E14BC69F-A110-4A82-B8EF-044146587745}"
EndProject
Project("{FAE04EC0-301F-11D3-BF4B-00C04F79EFBC}") = "TaxshilaMobile.iOS", "TaxshilaMobile.iOS\TaxshilaMobile.iOS.csproj", "{026D9B94-0061-42C7-BBBF-87D11E4755C8}"
EndProject
Project("{FAE04EC0-301F-11D3-BF4B-00C04F79EFBC}") = "TaxshilaMobile.UWP", "TaxshilaMobile.UWP\TaxshilaMobile.UWP.csproj", "{3116CEAC-13B3-4C42-A379-48C4A0157736}"
EndProject
Global
	GlobalSection(SolutionConfigurationPlatforms) = preSolution
		Ad-Hoc|Any CPU = Ad-Hoc|Any CPU
		Ad-Hoc|ARM = Ad-Hoc|ARM
		Ad-Hoc|iPhone = Ad-Hoc|iPhone
		Ad-Hoc|iPhoneSimulator = Ad-Hoc|iPhoneSimulator
		Ad-Hoc|x64 = Ad-Hoc|x64
		Ad-Hoc|x86 = Ad-Hoc|x86
		AppStore|Any CPU = AppStore|Any CPU
		AppStore|ARM = AppStore|ARM
		AppStore|iPhone = AppStore|iPhone
		AppStore|iPhoneSimulator = AppStore|iPhoneSimulator
		AppStore|x64 = AppStore|x64
		AppStore|x86 = AppStore|x86
		Debug|Any CPU = Debug|Any CPU
		Debug|ARM = Debug|ARM
		Debug|iPhone = Debug|iPhone
		Debug|iPhoneSimulator = Debug|iPhoneSimulator
		Debug|x64 = Debug|x64
		Debug|x86 = Debug|x86
		Release|Any CPU = Release|Any CPU
		Release|ARM = Release|ARM
		Release|iPhone = Release|iPhone
		Release|iPhoneSimulator = Release|iPhoneSimulator
		Release|x64 = Release|x64
		Release|x86 = Release|x86
	EndGlobalSection
	GlobalSection(ProjectConfigurationPlatforms) = postSolution
		{31D63510-AC13-437F-A72E-D3DE19612A8F}.Ad-Hoc|Any CPU.ActiveCfg = Debug|Any CPU
		{31D63510-AC13-437F-A72E-D3DE19612A8F}.Ad-Hoc|Any CPU.Build.0 = Debug|Any CPU
		{31D63510-AC13-437F-A72E-D3DE19612A8F}.Ad-Hoc|ARM.ActiveCfg = Debug|Any CPU
		{31D63510-AC13-437F-A72E-D3DE19612A8F}.Ad-Hoc|ARM.Build.0 = Debug|Any CPU
		{31D63510-AC13-437F-A72E-D3DE19612A8F}.Ad-Hoc|iPhone.ActiveCfg = Debug|Any CPU
		{31D63510-AC13-437F-A72E-D3DE19612A8F}.Ad-Hoc|iPhone.Build.0 = Debug|Any CPU
		{31D63510-AC13-437F-A72E-D3DE19612A8F}.Ad-Hoc|iPhoneSimulator.ActiveCfg = Debug|Any CPU
		{31D63510-AC13-437F-A72E-D3DE19612A8F}.Ad-Hoc|iPhoneSimulator.Build.0 = Debug|Any CPU
		{31D63510-AC13-437F-A72E-D3DE19612A8F}.Ad-Hoc|x64.ActiveCfg = Debug|Any CPU
		{31D63510-AC13-437F-A72E-D3DE19612A8F}.Ad-Hoc|x64.Build.0 = Debug|Any CPU
		{31D63510-AC13-437F-A72E-D3DE19612A8F}.Ad-Hoc|x86.ActiveCfg = Debug|Any CPU
		{31D63510-AC13-437F-A72E-D3DE19612A8F}.Ad-Hoc|x86.Build.0 = Debug|Any CPU
		{31D63510-AC13-437F-A72E-D3DE19612A8F}.AppStore|Any CPU.ActiveCfg = Debug|Any CPU
		{31D63510-AC13-437F-A72E-D3DE19612A8F}.AppStore|Any CPU.Build.0 = Debug|Any CPU
		{31D63510-AC13-437F-A72E-D3DE19612A8F}.AppStore|ARM.ActiveCfg = Debug|Any CPU
		{31D63510-AC13-437F-A72E-D3DE19612A8F}.AppStore|ARM.Build.0 = Debug|Any CPU
		{31D63510-AC13-437F-A72E-D3DE19612A8F}.AppStore|iPhone.ActiveCfg = Debug|Any CPU
		{31D63510-AC13-437F-A72E-D3DE19612A8F}.AppStore|iPhone.Build.0 = Debug|Any CPU
		{31D63510-AC13-437F-A72E-D3DE19612A8F}.AppStore|iPhoneSimulator.ActiveCfg = Debug|Any CPU
		{31D63510-AC13-437F-A72E-D3DE19612A8F}.AppStore|iPhoneSimulator.Build.0 = Debug|Any CPU
		{31D63510-AC13-437F-A72E-D3DE19612A8F}.AppStore|x64.ActiveCfg = Debug|Any CPU
		{31D63510-AC13-437F-A72E-D3DE19612A8F}.AppStore|x64.Build.0 = Debug|Any CPU
		{31D63510-AC13-437F-A72E-D3DE19612A8F}.AppStore|x86.ActiveCfg = Debug|Any CPU
		{31D63510-AC13-437F-A72E-D3DE19612A8F}.AppStore|x86.Build.0 = Debug|Any CPU
		{31D63510-AC13-437F-A72E-D3DE19612A8F}.Debug|Any CPU.ActiveCfg = Debug|Any CPU
		{31D63510-AC13-437F-A72E-D3DE19612A8F}.Debug|Any CPU.Build.0 = Debug|Any CPU
		{31D63510-AC13-437F-A72E-D3DE19612A8F}.Debug|ARM.ActiveCfg = Debug|Any CPU
		{31D63510-AC13-437F-A72E-D3DE19612A8F}.Debug|ARM.Build.0 = Debug|Any CPU
		{31D63510-AC13-437F-A72E-D3DE19612A8F}.Debug|iPhone.ActiveCfg = Debug|Any CPU
		{31D63510-AC13-437F-A72E-D3DE19612A8F}.Debug|iPhone.Build.0 = Debug|Any CPU
		{31D63510-AC13-437F-A72E-D3DE19612A8F}.Debug|iPhoneSimulator.ActiveCfg = Debug|Any CPU
		{31D63510-AC13-437F-A72E-D3DE19612A8F}.Debug|iPhoneSimulator.Build.0 = Debug|Any CPU
		{31D63510-AC13-437F-A72E-D3DE19612A8F}.Debug|x64.ActiveCfg = Debug|Any CPU
		{31D63510-AC13-437F-A72E-D3DE19612A8F}.Debug|x64.Build.0 = Debug|Any CPU
		{31D63510-AC13-437F-A72E-D3DE19612A8F}.Debug|x86.ActiveCfg = Debug|Any CPU
		{31D63510-AC13-437F-A72E-D3DE19612A8F}.Debug|x86.Build.0 = Debug|Any CPU
		{31D63510-AC13-437F-A72E-D3DE19612A8F}.Release|Any CPU.ActiveCfg = Release|Any CPU
		{31D63510-AC13-437F-A72E-D3DE19612A8F}.Release|Any CPU.Build.0 = Release|Any CPU
		{31D63510-AC13-437F-A72E-D3DE19612A8F}.Release|ARM.ActiveCfg = Release|Any CPU
		{31D63510-AC13-437F-A72E-D3DE19612A8F}.Release|ARM.Build.0 = Release|Any CPU
		{31D63510-AC13-437F-A72E-D3DE19612A8F}.Release|iPhone.ActiveCfg = Release|Any CPU
		{31D63510-AC13-437F-A72E-D3DE19612A8F}.Release|iPhone.Build.0 = Release|Any CPU
		{31D63510-AC13-437F-A72E-D3DE19612A8F}.Release|iPhoneSimulator.ActiveCfg = Release|Any CPU
		{31D63510-AC13-437F-A72E-D3DE19612A8F}.Release|iPhoneSimulator.Build.0 = Release|Any CPU
		{31D63510-AC13-437F-A72E-D3DE19612A8F}.Release|x64.ActiveCfg = Release|Any CPU
		{31D63510-AC13-437F-A72E-D3DE19612A8F}.Release|x64.Build.0 = Release|Any CPU
		{31D63510-AC13-437F-A72E-D3DE19612A8F}.Release|x86.ActiveCfg = Release|Any CPU
		{31D63510-AC13-437F-A72E-D3DE19612A8F}.Release|x86.Build.0 = Release|Any CPU
		{E14BC69F-A110-4A82-B8EF-044146587745}.Ad-Hoc|Any CPU.ActiveCfg = Release|Any CPU
		{E14BC69F-A110-4A82-B8EF-044146587745}.Ad-Hoc|Any CPU.Build.0 = Release|Any CPU
		{E14BC69F-A110-4A82-B8EF-044146587745}.Ad-Hoc|Any CPU.Deploy.0 = Release|Any CPU
		{E14BC69F-A110-4A82-B8EF-044146587745}.Ad-Hoc|ARM.ActiveCfg = Release|Any CPU
		{E14BC69F-A110-4A82-B8EF-044146587745}.Ad-Hoc|ARM.Build.0 = Release|Any CPU
		{E14BC69F-A110-4A82-B8EF-044146587745}.Ad-Hoc|ARM.Deploy.0 = Release|Any CPU
		{E14BC69F-A110-4A82-B8EF-044146587745}.Ad-Hoc|iPhone.ActiveCfg = Release|Any CPU
		{E14BC69F-A110-4A82-B8EF-044146587745}.Ad-Hoc|iPhone.Build.0 = Release|Any CPU
		{E14BC69F-A110-4A82-B8EF-044146587745}.Ad-Hoc|iPhone.Deploy.0 = Release|Any CPU
		{E14BC69F-A110-4A82-B8EF-044146587745}.Ad-Hoc|iPhoneSimulator.ActiveCfg = Release|Any CPU
		{E14BC69F-A110-4A82-B8EF-044146587745}.Ad-Hoc|iPhoneSimulator.Build.0 = Release|Any CPU
		{E14BC69F-A110-4A82-B8EF-044146587745}.Ad-Hoc|iPhoneSimulator.Deploy.0 = Release|Any CPU
		{E14BC69F-A110-4A82-B8EF-044146587745}.Ad-Hoc|x64.ActiveCfg = Release|Any CPU
		{E14BC69F-A110-4A82-B8EF-044146587745}.Ad-Hoc|x64.Build.0 = Release|Any CPU
		{E14BC69F-A110-4A82-B8EF-044146587745}.Ad-Hoc|x64.Deploy.0 = Release|Any CPU
		{E14BC69F-A110-4A82-B8EF-044146587745}.Ad-Hoc|x86.ActiveCfg = Release|Any CPU
		{E14BC69F-A110-4A82-B8EF-044146587745}.Ad-Hoc|x86.Build.0 = Release|Any CPU
		{E14BC69F-A110-4A82-B8EF-044146587745}.Ad-Hoc|x86.Deploy.0 = Release|Any CPU
		{E14BC69F-A110-4A82-B8EF-044146587745}.AppStore|Any CPU.ActiveCfg = Release|Any CPU
		{E14BC69F-A110-4A82-B8EF-044146587745}.AppStore|Any CPU.Build.0 = Release|Any CPU
		{E14BC69F-A110-4A82-B8EF-044146587745}.AppStore|Any CPU.Deploy.0 = Release|Any CPU
		{E14BC69F-A110-4A82-B8EF-044146587745}.AppStore|ARM.ActiveCfg = Release|Any CPU
		{E14BC69F-A110-4A82-B8EF-044146587745}.AppStore|ARM.Build.0 = Release|Any CPU
		{E14BC69F-A110-4A82-B8EF-044146587745}.AppStore|ARM.Deploy.0 = Release|Any CPU
		{E14BC69F-A110-4A82-B8EF-044146587745}.AppStore|iPhone.ActiveCfg = Release|Any CPU
		{E14BC69F-A110-4A82-B8EF-044146587745}.AppStore|iPhone.Build.0 = Release|Any CPU
		{E14BC69F-A110-4A82-B8EF-044146587745}.AppStore|iPhone.Deploy.0 = Release|Any CPU
		{E14BC69F-A110-4A82-B8EF-044146587745}.AppStore|iPhoneSimulator.ActiveCfg = Release|Any CPU
		{E14BC69F-A110-4A82-B8EF-044146587745}.AppStore|iPhoneSimulator.Build.0 = Release|Any CPU
		{E14BC69F-A110-4A82-B8EF-044146587745}.AppStore|iPhoneSimulator.Deploy.0 = Release|Any CPU
		{E14BC69F-A110-4A82-B8EF-044146587745}.AppStore|x64.ActiveCfg = Release|Any CPU
		{E14BC69F-A110-4A82-B8EF-044146587745}.AppStore|x64.Build.0 = Release|Any CPU
		{E14BC69F-A110-4A82-B8EF-044146587745}.AppStore|x64.Deploy.0 = Release|Any CPU
		{E14BC69F-A110-4A82-B8EF-044146587745}.AppStore|x86.ActiveCfg = Release|Any CPU
		{E14BC69F-A110-4A82-B8EF-044146587745}.AppStore|x86.Build.0 = Release|Any CPU
		{E14BC69F-A110-4A82-B8EF-044146587745}.AppStore|x86.Deploy.0 = Release|Any CPU
		{E14BC69F-A110-4A82-B8EF-044146587745}.Debug|Any CPU.ActiveCfg = Debug|Any CPU
		{E14BC69F-A110-4A82-B8EF-044146587745}.Debug|Any CPU.Build.0 = Debug|Any CPU
		{E14BC69F-A110-4A82-B8EF-044146587745}.Debug|Any CPU.Deploy.0 = Debug|Any CPU
		{E14BC69F-A110-4A82-B8EF-044146587745}.Debug|ARM.ActiveCfg = Debug|Any CPU
		{E14BC69F-A110-4A82-B8EF-044146587745}.Debug|ARM.Build.0 = Debug|Any CPU
		{E14BC69F-A110-4A82-B8EF-044146587745}.Debug|ARM.Deploy.0 = Debug|Any CPU
		{E14BC69F-A110-4A82-B8EF-044146587745}.Debug|iPhone.ActiveCfg = Debug|Any CPU
		{E14BC69F-A110-4A82-B8EF-044146587745}.Debug|iPhone.Build.0 = Debug|Any CPU
		{E14BC69F-A110-4A82-B8EF-044146587745}.Debug|iPhone.Deploy.0 = Debug|Any CPU
		{E14BC69F-A110-4A82-B8EF-044146587745}.Debug|iPhoneSimulator.ActiveCfg = Debug|Any CPU
		{E14BC69F-A110-4A82-B8EF-044146587745}.Debug|iPhoneSimulator.Build.0 = Debug|Any CPU
		{E14BC69F-A110-4A82-B8EF-044146587745}.Debug|iPhoneSimulator.Deploy.0 = Debug|Any CPU
		{E14BC69F-A110-4A82-B8EF-044146587745}.Debug|x64.ActiveCfg = Debug|Any CPU
		{E14BC69F-A110-4A82-B8EF-044146587745}.Debug|x64.Build.0 = Debug|Any CPU
		{E14BC69F-A110-4A82-B8EF-044146587745}.Debug|x64.Deploy.0 = Debug|Any CPU
		{E14BC69F-A110-4A82-B8EF-044146587745}.Debug|x86.ActiveCfg = Debug|Any CPU
		{E14BC69F-A110-4A82-B8EF-044146587745}.Debug|x86.Build.0 = Debug|Any CPU
		{E14BC69F-A110-4A82-B8EF-044146587745}.Debug|x86.Deploy.0 = Debug|Any CPU
		{E14BC69F-A110-4A82-B8EF-044146587745}.Release|Any CPU.ActiveCfg = Release|Any CPU
		{E14BC69F-A110-4A82-B8EF-044146587745}.Release|Any CPU.Build.0 = Release|Any CPU
		{E14BC69F-A110-4A82-B8EF-044146587745}.Release|Any CPU.Deploy.0 = Release|Any CPU
		{E14BC69F-A110-4A82-B8EF-044146587745}.Release|ARM.ActiveCfg = Release|Any CPU
		{E14BC69F-A110-4A82-B8EF-044146587745}.Release|ARM.Build.0 = Release|Any CPU
		{E14BC69F-A110-4A82-B8EF-044146587745}.Release|ARM.Deploy.0 = Release|Any CPU
		{E14BC69F-A110-4A82-B8EF-044146587745}.Release|iPhone.ActiveCfg = Release|Any CPU
		{E14BC69F-A110-4A82-B8EF-044146587745}.Release|iPhone.Build.0 = Release|Any CPU
		{E14BC69F-A110-4A82-B8EF-044146587745}.Release|iPhone.Deploy.0 = Release|Any CPU
		{E14BC69F-A110-4A82-B8EF-044146587745}.Release|iPhoneSimulator.ActiveCfg = Release|Any CPU
		{E14BC69F-A110-4A82-B8EF-044146587745}.Release|iPhoneSimulator.Build.0 = Release|Any CPU
		{E14BC69F-A110-4A82-B8EF-044146587745}.Release|iPhoneSimulator.Deploy.0 = Release|Any CPU
		{E14BC69F-A110-4A82-B8EF-044146587745}.Release|x64.ActiveCfg = Release|Any CPU
		{E14BC69F-A110-4A82-B8EF-044146587745}.Release|x64.Build.0 = Release|Any CPU
		{E14BC69F-A110-4A82-B8EF-044146587745}.Release|x64.Deploy.0 = Release|Any CPU
		{E14BC69F-A110-4A82-B8EF-044146587745}.Release|x86.ActiveCfg = Release|Any CPU
		{E14BC69F-A110-4A82-B8EF-044146587745}.Release|x86.Build.0 = Release|Any CPU
		{E14BC69F-A110-4A82-B8EF-044146587745}.Release|x86.Deploy.0 = Release|Any CPU
		{026D9B94-0061-42C7-BBBF-87D11E4755C8}.Ad-Hoc|Any CPU.ActiveCfg = Ad-Hoc|iPhone
		{026D9B94-0061-42C7-BBBF-87D11E4755C8}.Ad-Hoc|ARM.ActiveCfg = Ad-Hoc|iPhone
		{026D9B94-0061-42C7-BBBF-87D11E4755C8}.Ad-Hoc|iPhone.ActiveCfg = Ad-Hoc|iPhone
		{026D9B94-0061-42C7-BBBF-87D11E4755C8}.Ad-Hoc|iPhone.Build.0 = Ad-Hoc|iPhone
		{026D9B94-0061-42C7-BBBF-87D11E4755C8}.Ad-Hoc|iPhoneSimulator.ActiveCfg = Ad-Hoc|iPhoneSimulator
		{026D9B94-0061-42C7-BBBF-87D11E4755C8}.Ad-Hoc|iPhoneSimulator.Build.0 = Ad-Hoc|iPhoneSimulator
		{026D9B94-0061-42C7-BBBF-87D11E4755C8}.Ad-Hoc|x64.ActiveCfg = Ad-Hoc|iPhone
		{026D9B94-0061-42C7-BBBF-87D11E4755C8}.Ad-Hoc|x86.ActiveCfg = Ad-Hoc|iPhone
		{026D9B94-0061-42C7-BBBF-87D11E4755C8}.AppStore|Any CPU.ActiveCfg = AppStore|iPhone
		{026D9B94-0061-42C7-BBBF-87D11E4755C8}.AppStore|ARM.ActiveCfg = AppStore|iPhone
		{026D9B94-0061-42C7-BBBF-87D11E4755C8}.AppStore|iPhone.ActiveCfg = AppStore|iPhone
		{026D9B94-0061-42C7-BBBF-87D11E4755C8}.AppStore|iPhone.Build.0 = AppStore|iPhone
		{026D9B94-0061-42C7-BBBF-87D11E4755C8}.AppStore|iPhoneSimulator.ActiveCfg = AppStore|iPhoneSimulator
		{026D9B94-0061-42C7-BBBF-87D11E4755C8}.AppStore|iPhoneSimulator.Build.0 = AppStore|iPhoneSimulator
		{026D9B94-0061-42C7-BBBF-87D11E4755C8}.AppStore|x64.ActiveCfg = AppStore|iPhone
		{026D9B94-0061-42C7-BBBF-87D11E4755C8}.AppStore|x86.ActiveCfg = AppStore|iPhone
		{026D9B94-0061-42C7-BBBF-87D11E4755C8}.Debug|Any CPU.ActiveCfg = Debug|iPhone
		{026D9B94-0061-42C7-BBBF-87D11E4755C8}.Debug|ARM.ActiveCfg = Debug|iPhone
		{026D9B94-0061-42C7-BBBF-87D11E4755C8}.Debug|iPhone.ActiveCfg = Debug|iPhone
		{026D9B94-0061-42C7-BBBF-87D11E4755C8}.Debug|iPhone.Build.0 = Debug|iPhone
		{026D9B94-0061-42C7-BBBF-87D11E4755C8}.Debug|iPhoneSimulator.ActiveCfg = Debug|iPhoneSimulator
		{026D9B94-0061-42C7-BBBF-87D11E4755C8}.Debug|iPhoneSimulator.Build.0 = Debug|iPhoneSimulator
		{026D9B94-0061-42C7-BBBF-87D11E4755C8}.Debug|x64.ActiveCfg = Debug|iPhone
		{026D9B94-0061-42C7-BBBF-87D11E4755C8}.Debug|x86.ActiveCfg = Debug|iPhone
		{026D9B94-0061-42C7-BBBF-87D11E4755C8}.Release|Any CPU.ActiveCfg = Release|iPhone
		{026D9B94-0061-42C7-BBBF-87D11E4755C8}.Release|ARM.ActiveCfg = Release|iPhone
		{026D9B94-0061-42C7-BBBF-87D11E4755C8}.Release|iPhone.ActiveCfg = Release|iPhone
		{026D9B94-0061-42C7-BBBF-87D11E4755C8}.Release|iPhone.Build.0 = Release|iPhone
		{026D9B94-0061-42C7-BBBF-87D11E4755C8}.Release|iPhoneSimulator.ActiveCfg = Release|iPhoneSimulator
		{026D9B94-0061-42C7-BBBF-87D11E4755C8}.Release|iPhoneSimulator.Build.0 = Release|iPhoneSimulator
		{026D9B94-0061-42C7-BBBF-87D11E4755C8}.Release|x64.ActiveCfg = Release|iPhone
		{026D9B94-0061-42C7-BBBF-87D11E4755C8}.Release|x86.ActiveCfg = Release|iPhone
		{3116CEAC-13B3-4C42-A379-48C4A0157736}.Ad-Hoc|Any CPU.ActiveCfg = Release|x86
		{3116CEAC-13B3-4C42-A379-48C4A0157736}.Ad-Hoc|Any CPU.Build.0 = Release|x86
		{3116CEAC-13B3-4C42-A379-48C4A0157736}.Ad-Hoc|Any CPU.Deploy.0 = Release|x86
		{3116CEAC-13B3-4C42-A379-48C4A0157736}.Ad-Hoc|ARM.ActiveCfg = Release|ARM
		{3116CEAC-13B3-4C42-A379-48C4A0157736}.Ad-Hoc|ARM.Build.0 = Release|ARM
		{3116CEAC-13B3-4C42-A379-48C4A0157736}.Ad-Hoc|ARM.Deploy.0 = Release|ARM
		{3116CEAC-13B3-4C42-A379-48C4A0157736}.Ad-Hoc|iPhone.ActiveCfg = Release|x86
		{3116CEAC-13B3-4C42-A379-48C4A0157736}.Ad-Hoc|iPhone.Build.0 = Release|x86
		{3116CEAC-13B3-4C42-A379-48C4A0157736}.Ad-Hoc|iPhone.Deploy.0 = Release|x86
		{3116CEAC-13B3-4C42-A379-48C4A0157736}.Ad-Hoc|iPhoneSimulator.ActiveCfg = Release|x86
		{3116CEAC-13B3-4C42-A379-48C4A0157736}.Ad-Hoc|iPhoneSimulator.Build.0 = Release|x86
		{3116CEAC-13B3-4C42-A379-48C4A0157736}.Ad-Hoc|iPhoneSimulator.Deploy.0 = Release|x86
		{3116CEAC-13B3-4C42-A379-48C4A0157736}.Ad-Hoc|x64.ActiveCfg = Release|x64
		{3116CEAC-13B3-4C42-A379-48C4A0157736}.Ad-Hoc|x64.Build.0 = Release|x64
		{3116CEAC-13B3-4C42-A379-48C4A0157736}.Ad-Hoc|x64.Deploy.0 = Release|x64
		{3116CEAC-13B3-4C42-A379-48C4A0157736}.Ad-Hoc|x86.ActiveCfg = Release|x86
		{3116CEAC-13B3-4C42-A379-48C4A0157736}.Ad-Hoc|x86.Build.0 = Release|x86
		{3116CEAC-13B3-4C42-A379-48C4A0157736}.Ad-Hoc|x86.Deploy.0 = Release|x86
		{3116CEAC-13B3-4C42-A379-48C4A0157736}.AppStore|Any CPU.ActiveCfg = Release|x86
		{3116CEAC-13B3-4C42-A379-48C4A0157736}.AppStore|Any CPU.Build.0 = Release|x86
		{3116CEAC-13B3-4C42-A379-48C4A0157736}.AppStore|Any CPU.Deploy.0 = Release|x86
		{3116CEAC-13B3-4C42-A379-48C4A0157736}.AppStore|ARM.ActiveCfg = Release|ARM
		{3116CEAC-13B3-4C42-A379-48C4A0157736}.AppStore|ARM.Build.0 = Release|ARM
		{3116CEAC-13B3-4C42-A379-48C4A0157736}.AppStore|ARM.Deploy.0 = Release|ARM
		{3116CEAC-13B3-4C42-A379-48C4A0157736}.AppStore|iPhone.ActiveCfg = Release|x86
		{3116CEAC-13B3-4C42-A379-48C4A0157736}.AppStore|iPhone.Build.0 = Release|x86
		{3116CEAC-13B3-4C42-A379-48C4A0157736}.AppStore|iPhone.Deploy.0 = Release|x86
		{3116CEAC-13B3-4C42-A379-48C4A0157736}.AppStore|iPhoneSimulator.ActiveCfg = Release|x86
		{3116CEAC-13B3-4C42-A379-48C4A0157736}.AppStore|iPhoneSimulator.Build.0 = Release|x86
		{3116CEAC-13B3-4C42-A379-48C4A0157736}.AppStore|iPhoneSimulator.Deploy.0 = Release|x86
		{3116CEAC-13B3-4C42-A379-48C4A0157736}.AppStore|x64.ActiveCfg = Release|x64
		{3116CEAC-13B3-4C42-A379-48C4A0157736}.AppStore|x64.Build.0 = Release|x64
		{3116CEAC-13B3-4C42-A379-48C4A0157736}.AppStore|x64.Deploy.0 = Release|x64
		{3116CEAC-13B3-4C42-A379-48C4A0157736}.AppStore|x86.ActiveCfg = Release|x86
		{3116CEAC-13B3-4C42-A379-48C4A0157736}.AppStore|x86.Build.0 = Release|x86
		{3116CEAC-13B3-4C42-A379-48C4A0157736}.AppStore|x86.Deploy.0 = Release|x86
		{3116CEAC-13B3-4C42-A379-48C4A0157736}.Debug|Any CPU.ActiveCfg = Debug|x86
		{3116CEAC-13B3-4C42-A379-48C4A0157736}.Debug|ARM.ActiveCfg = Debug|ARM
		{3116CEAC-13B3-4C42-A379-48C4A0157736}.Debug|ARM.Build.0 = Debug|ARM
		{3116CEAC-13B3-4C42-A379-48C4A0157736}.Debug|ARM.Deploy.0 = Debug|ARM
		{3116CEAC-13B3-4C42-A379-48C4A0157736}.Debug|iPhone.ActiveCfg = Debug|x86
		{3116CEAC-13B3-4C42-A379-48C4A0157736}.Debug|iPhoneSimulator.ActiveCfg = Debug|x86
		{3116CEAC-13B3-4C42-A379-48C4A0157736}.Debug|x64.ActiveCfg = Debug|x64
		{3116CEAC-13B3-4C42-A379-48C4A0157736}.Debug|x64.Build.0 = Debug|x64
		{3116CEAC-13B3-4C42-A379-48C4A0157736}.Debug|x64.Deploy.0 = Debug|x64
		{3116CEAC-13B3-4C42-A379-48C4A0157736}.Debug|x86.ActiveCfg = Debug|x86
		{3116CEAC-13B3-4C42-A379-48C4A0157736}.Debug|x86.Build.0 = Debug|x86
		{3116CEAC-13B3-4C42-A379-48C4A0157736}.Debug|x86.Deploy.0 = Debug|x86
		{3116CEAC-13B3-4C42-A379-48C4A0157736}.Release|Any CPU.ActiveCfg = Release|x86
		{3116CEAC-13B3-4C42-A379-48C4A0157736}.Release|ARM.ActiveCfg = Release|ARM
		{3116CEAC-13B3-4C42-A379-48C4A0157736}.Release|ARM.Build.0 = Release|ARM
		{3116CEAC-13B3-4C42-A379-48C4A0157736}.Release|ARM.Deploy.0 = Release|ARM
		{3116CEAC-13B3-4C42-A379-48C4A0157736}.Release|iPhone.ActiveCfg = Release|x86
		{3116CEAC-13B3-4C42-A379-48C4A0157736}.Release|iPhoneSimulator.ActiveCfg = Release|x86
		{3116CEAC-13B3-4C42-A379-48C4A0157736}.Release|x64.ActiveCfg = Release|x64
		{3116CEAC-13B3-4C42-A379-48C4A0157736}.Release|x64.Build.0 = Release|x64
		{3116CEAC-13B3-4C42-A379-48C4A0157736}.Release|x64.Deploy.0 = Release|x64
		{3116CEAC-13B3-4C42-A379-48C4A0157736}.Release|x86.ActiveCfg = Release|x86
		{3116CEAC-13B3-4C42-A379-48C4A0157736}.Release|x86.Build.0 = Release|x86
		{3116CEAC-13B3-4C42-A379-48C4A0157736}.Release|x86.Deploy.0 = Release|x86
	EndGlobalSection
	GlobalSection(SolutionProperties) = preSolution
		HideSolutionNode = FALSE
	EndGlobalSection
	GlobalSection(ExtensibilityGlobals) = postSolution
		SolutionGuid = {427A698A-D9DE-4616-8067-0C30CA82D236}
	EndGlobalSection
	GlobalSection(TeamFoundationVersionControl) = preSolution
		SccNumberOfProjects = 5
		SccEnterpriseProvider = {4CA58AB2-18FA-4F8D-95D4-32DDF27D184C}
		SccTeamFoundationServer = https://vishalmakwana.visualstudio.com/
		SccLocalPath0 = .
		SccProjectUniqueName1 = TaxshilaMobile\\TaxshilaMobile.csproj
		SccProjectName1 = TaxshilaMobile
		SccLocalPath1 = TaxshilaMobile
		SccProjectUniqueName2 = TaxshilaMobile.Android\\TaxshilaMobile.Android.csproj
		SccProjectName2 = TaxshilaMobile.Android
		SccLocalPath2 = TaxshilaMobile.Android
		SccProjectUniqueName3 = TaxshilaMobile.iOS\\TaxshilaMobile.iOS.csproj
		SccProjectName3 = TaxshilaMobile.iOS
		SccLocalPath3 = TaxshilaMobile.iOS
		SccProjectUniqueName4 = TaxshilaMobile.UWP\\TaxshilaMobile.UWP.csproj
		SccProjectName4 = TaxshilaMobile.UWP
		SccLocalPath4 = TaxshilaMobile.UWP
	EndGlobalSection
EndGlobal
